
Microsoft Visual Studio Solution File, Format Version 11.00
# Visual Studio 2010
Project("{FAE04EC0-301F-11D3-BF4B-00C04F79EFBC}") = "RSMApp_FI", "RSMApp_FI\RSMApp_FI.csproj", "{84358833-183B-4154-B32F-8954D5D9F52D}"
EndProject
Global
	GlobalSection(SolutionConfigurationPlatforms) = preSolution
		Debug|Any CPU = Debug|Any CPU
		Release|Any CPU = Release|Any CPU
	EndGlobalSection
	GlobalSection(ProjectConfigurationPlatforms) = postSolution
		{84358833-183B-4154-B32F-8954D5D9F52D}.Debug|Any CPU.ActiveCfg = Debug|Any CPU
		{84358833-183B-4154-B32F-8954D5D9F52D}.Debug|Any CPU.Build.0 = Debug|Any CPU
		{84358833-183B-4154-B32F-8954D5D9F52D}.Release|Any CPU.ActiveCfg = Release|Any CPU
		{84358833-183B-4154-B32F-8954D5D9F52D}.Release|Any CPU.Build.0 = Release|Any CPU
	EndGlobalSection
	GlobalSection(SolutionProperties) = preSolution
		HideSolutionNode = FALSE
	EndGlobalSection
EndGlobal
