
Microsoft Visual Studio Solution File, Format Version 11.00
# Visual Studio 2010
Project("{FAE04EC0-301F-11D3-BF4B-00C04F79EFBC}") = "RSMApp_Partner", "RSMApp_Partner\RSMApp_Partner.csproj", "{F1DE1FAF-B5ED-43CB-90F8-9C13DA05F51B}"
EndProject
Global
	GlobalSection(SolutionConfigurationPlatforms) = preSolution
		Debug|Any CPU = Debug|Any CPU
		Release|Any CPU = Release|Any CPU
	EndGlobalSection
	GlobalSection(ProjectConfigurationPlatforms) = postSolution
		{F1DE1FAF-B5ED-43CB-90F8-9C13DA05F51B}.Debug|Any CPU.ActiveCfg = Debug|Any CPU
		{F1DE1FAF-B5ED-43CB-90F8-9C13DA05F51B}.Debug|Any CPU.Build.0 = Debug|Any CPU
		{F1DE1FAF-B5ED-43CB-90F8-9C13DA05F51B}.Release|Any CPU.ActiveCfg = Release|Any CPU
		{F1DE1FAF-B5ED-43CB-90F8-9C13DA05F51B}.Release|Any CPU.Build.0 = Release|Any CPU
	EndGlobalSection
	GlobalSection(SolutionProperties) = preSolution
		HideSolutionNode = FALSE
	EndGlobalSection
EndGlobal
